
Microsoft Visual Studio Solution File, Format Version 12.00
# Visual Studio Version 17
VisualStudioVersion = 17.14.36623.8 d17.14
MinimumVisualStudioVersion = 10.0.40219.1
Project("{FAE04EC0-301F-11D3-BF4B-00C04F79EFBC}") = "CFM_Task", "CFM_Task\CFM_Task.csproj", "{FC5F0D4C-3B6E-4627-A56F-4789BC78BDFF}"
EndProject
Global
	GlobalSection(SolutionConfigurationPlatforms) = preSolution
		Debug|Any CPU = Debug|Any CPU
		Release|Any CPU = Release|Any CPU
	EndGlobalSection
	GlobalSection(ProjectConfigurationPlatforms) = postSolution
		{FC5F0D4C-3B6E-4627-A56F-4789BC78BDFF}.Debug|Any CPU.ActiveCfg = Debug|Any CPU
		{FC5F0D4C-3B6E-4627-A56F-4789BC78BDFF}.Debug|Any CPU.Build.0 = Debug|Any CPU
		{FC5F0D4C-3B6E-4627-A56F-4789BC78BDFF}.Release|Any CPU.ActiveCfg = Release|Any CPU
		{FC5F0D4C-3B6E-4627-A56F-4789BC78BDFF}.Release|Any CPU.Build.0 = Release|Any CPU
	EndGlobalSection
	GlobalSection(SolutionProperties) = preSolution
		HideSolutionNode = FALSE
	EndGlobalSection
	GlobalSection(ExtensibilityGlobals) = postSolution
		SolutionGuid = {98AC8F34-33C0-4A0E-BFA7-461D3AB34236}
	EndGlobalSection
EndGlobal
